{
  "requires": true,
  "lockfileVersion": 1,
  "dependencies": {
    "confusing-browser-globals": {
      "version": "1.0.6",
      "resolved": "https://registry.npmjs.org/confusing-browser-globals/-/confusing-browser-globals-1.0.6.tgz",
      "integrity": "sha512-GzyX86c2TvaagAOR+lHL2Yq4T4EnoBcnojZBcNbxVKSunxmGTnioXHR5Mo2ha/XnCoQw8eurvj6Ta+SwPEPkKg=="
    },
    "eslint-config-react-app": {
      "version": "3.0.8",
      "resolved": "https://registry.npmjs.org/eslint-config-react-app/-/eslint-config-react-app-3.0.8.tgz",
      "integrity": "sha512-Ovi6Bva67OjXrom9Y/SLJRkrGqKhMAL0XCH8BizPhjEVEhYczl2ZKiNZI2CuqO5/CJwAfMwRXAVGY0KToWr1aA==",
      "requires": {
        "confusing-browser-globals": "^1.0.6"
      }
    }
  }
}
